
Microsoft Visual Studio Solution File, Format Version 12.00
# Visual Studio Version 16
VisualStudioVersion = 16.0.32126.315
MinimumVisualStudioVersion = 10.0.40219.1
Project("{FAE04EC0-301F-11D3-BF4B-00C04F79EFBC}") = "InaApp", "InaApp\InaApp.csproj", "{6C18F93D-C726-4018-AA69-4D6633E1BA66}"
EndProject
Project("{FAE04EC0-301F-11D3-BF4B-00C04F79EFBC}") = "Services", "Services\Services.csproj", "{288C447E-7803-41FD-AFA5-CFB0A96AC0A2}"
EndProject
Project("{FAE04EC0-301F-11D3-BF4B-00C04F79EFBC}") = "Data", "DataLayer\Data.csproj", "{24B8A49C-95B3-40A1-A644-D5F3A2EBE695}"
EndProject
Project("{FAE04EC0-301F-11D3-BF4B-00C04F79EFBC}") = "Entities", "Entities\Entities.csproj", "{2BA90758-F68B-4DAC-8A8C-5D45019C187A}"
EndProject
Project("{FAE04EC0-301F-11D3-BF4B-00C04F79EFBC}") = "Common", "Common\Common.csproj", "{63D46E95-E619-4AC7-9EFD-E1B59A1BFF9D}"
EndProject
Global
	GlobalSection(SolutionConfigurationPlatforms) = preSolution
		Debug|Any CPU = Debug|Any CPU
		Release|Any CPU = Release|Any CPU
	EndGlobalSection
	GlobalSection(ProjectConfigurationPlatforms) = postSolution
		{6C18F93D-C726-4018-AA69-4D6633E1BA66}.Debug|Any CPU.ActiveCfg = Debug|Any CPU
		{6C18F93D-C726-4018-AA69-4D6633E1BA66}.Debug|Any CPU.Build.0 = Debug|Any CPU
		{6C18F93D-C726-4018-AA69-4D6633E1BA66}.Release|Any CPU.ActiveCfg = Release|Any CPU
		{6C18F93D-C726-4018-AA69-4D6633E1BA66}.Release|Any CPU.Build.0 = Release|Any CPU
		{288C447E-7803-41FD-AFA5-CFB0A96AC0A2}.Debug|Any CPU.ActiveCfg = Debug|Any CPU
		{288C447E-7803-41FD-AFA5-CFB0A96AC0A2}.Debug|Any CPU.Build.0 = Debug|Any CPU
		{288C447E-7803-41FD-AFA5-CFB0A96AC0A2}.Release|Any CPU.ActiveCfg = Release|Any CPU
		{288C447E-7803-41FD-AFA5-CFB0A96AC0A2}.Release|Any CPU.Build.0 = Release|Any CPU
		{24B8A49C-95B3-40A1-A644-D5F3A2EBE695}.Debug|Any CPU.ActiveCfg = Debug|Any CPU
		{24B8A49C-95B3-40A1-A644-D5F3A2EBE695}.Debug|Any CPU.Build.0 = Debug|Any CPU
		{24B8A49C-95B3-40A1-A644-D5F3A2EBE695}.Release|Any CPU.ActiveCfg = Release|Any CPU
		{24B8A49C-95B3-40A1-A644-D5F3A2EBE695}.Release|Any CPU.Build.0 = Release|Any CPU
		{2BA90758-F68B-4DAC-8A8C-5D45019C187A}.Debug|Any CPU.ActiveCfg = Debug|Any CPU
		{2BA90758-F68B-4DAC-8A8C-5D45019C187A}.Debug|Any CPU.Build.0 = Debug|Any CPU
		{2BA90758-F68B-4DAC-8A8C-5D45019C187A}.Release|Any CPU.ActiveCfg = Release|Any CPU
		{2BA90758-F68B-4DAC-8A8C-5D45019C187A}.Release|Any CPU.Build.0 = Release|Any CPU
		{63D46E95-E619-4AC7-9EFD-E1B59A1BFF9D}.Debug|Any CPU.ActiveCfg = Debug|Any CPU
		{63D46E95-E619-4AC7-9EFD-E1B59A1BFF9D}.Debug|Any CPU.Build.0 = Debug|Any CPU
		{63D46E95-E619-4AC7-9EFD-E1B59A1BFF9D}.Release|Any CPU.ActiveCfg = Release|Any CPU
		{63D46E95-E619-4AC7-9EFD-E1B59A1BFF9D}.Release|Any CPU.Build.0 = Release|Any CPU
	EndGlobalSection
	GlobalSection(SolutionProperties) = preSolution
		HideSolutionNode = FALSE
	EndGlobalSection
	GlobalSection(ExtensibilityGlobals) = postSolution
		SolutionGuid = {5C436CD1-70C7-43F0-A6BE-F24AF394FE5D}
	EndGlobalSection
EndGlobal
